
Microsoft Visual Studio Solution File, Format Version 12.00
# Visual Studio Version 17
VisualStudioVersion = 17.8.34525.116
MinimumVisualStudioVersion = 10.0.40219.1
Project("{9A19103F-16F7-4668-BE54-9A1E7A4F7556}") = "ConsoleApp", "ConsoleApp\ConsoleApp.csproj", "{CA9BDCDD-459F-49C0-91DC-4DAA993F99EF}"
EndProject
Project("{FAE04EC0-301F-11D3-BF4B-00C04F79EFBC}") = "InvertedRightAngleTriangle", "InvertedRightAngleTriangle\InvertedRightAngleTriangle.csproj", "{F79BC0DD-08C7-4C2A-87AF-07B279CB1EFA}"
EndProject
Project("{FAE04EC0-301F-11D3-BF4B-00C04F79EFBC}") = "RightAngleTriangle", "RightAngleTriangle\RightAngleTriangle.csproj", "{B7022C92-CB9A-46CE-982B-14EA0C425E34}"
EndProject
Project("{FAE04EC0-301F-11D3-BF4B-00C04F79EFBC}") = "DiamondPattern", "DiamondPattern\DiamondPattern.csproj", "{54C93C5E-7E84-476E-B415-FEE271AE7932}"
EndProject
Project("{FAE04EC0-301F-11D3-BF4B-00C04F79EFBC}") = "RightAngleTriangleReflection", "RightAngleTriangleReflection\RightAngleTriangleReflection.csproj", "{570B4F3D-9F49-4968-9406-519AA0A31781}"
EndProject
Project("{FAE04EC0-301F-11D3-BF4B-00C04F79EFBC}") = "Parallelogram", "Parallelogram\Parallelogram.csproj", "{661B06B4-FEC5-45A3-8C62-E8ECEBE33DC4}"
EndProject
Project("{FAE04EC0-301F-11D3-BF4B-00C04F79EFBC}") = "HollowRectangle", "HollowRectangle\HollowRectangle.csproj", "{A9B9436F-8C23-4536-A21F-2B67CC2D2BAE}"
EndProject
Project("{FAE04EC0-301F-11D3-BF4B-00C04F79EFBC}") = "Infinity", "Infinity\Infinity.csproj", "{91B14986-9664-454A-8E04-D3D4A04BF9D7}"
EndProject
Project("{FAE04EC0-301F-11D3-BF4B-00C04F79EFBC}") = "RefAndOut", "RefAndOut\RefAndOut.csproj", "{C23AE6C7-F12C-4E3B-A724-CAFBAB8DDBD7}"
EndProject
Project("{FAE04EC0-301F-11D3-BF4B-00C04F79EFBC}") = "AbstractSealedStatic", "AbstractSealedStatic\AbstractSealedStatic.csproj", "{5BB4C887-6ED5-4F45-A4BC-956B0442000C}"
EndProject
Project("{FAE04EC0-301F-11D3-BF4B-00C04F79EFBC}") = "ServiceLifetime", "ServiceLifetime\ServiceLifetime.csproj", "{378E1D7D-A757-431A-805A-B18F58F18832}"
EndProject
Project("{FAE04EC0-301F-11D3-BF4B-00C04F79EFBC}") = "DependencyInjection", "DependecyInjection\DependencyInjection.csproj", "{EDE94E0B-4836-4C36-B955-945D865DF5D6}"
EndProject
Project("{FAE04EC0-301F-11D3-BF4B-00C04F79EFBC}") = "Middleware", "Middleware\Middleware.csproj", "{C4465EA4-0DAD-466D-95D0-C7EBBACE8E8C}"
EndProject
Project("{FAE04EC0-301F-11D3-BF4B-00C04F79EFBC}") = "AuthenticationAuthorization", "AuthenticationAuthorization\AuthenticationAuthorization.csproj", "{C52F0CC0-FD06-EDAF-5AF4-301051C46191}"
EndProject
Global
	GlobalSection(SolutionConfigurationPlatforms) = preSolution
		Debug|Any CPU = Debug|Any CPU
		Release|Any CPU = Release|Any CPU
	EndGlobalSection
	GlobalSection(ProjectConfigurationPlatforms) = postSolution
		{CA9BDCDD-459F-49C0-91DC-4DAA993F99EF}.Debug|Any CPU.ActiveCfg = Debug|Any CPU
		{CA9BDCDD-459F-49C0-91DC-4DAA993F99EF}.Debug|Any CPU.Build.0 = Debug|Any CPU
		{CA9BDCDD-459F-49C0-91DC-4DAA993F99EF}.Release|Any CPU.ActiveCfg = Release|Any CPU
		{CA9BDCDD-459F-49C0-91DC-4DAA993F99EF}.Release|Any CPU.Build.0 = Release|Any CPU
		{F79BC0DD-08C7-4C2A-87AF-07B279CB1EFA}.Debug|Any CPU.ActiveCfg = Debug|Any CPU
		{F79BC0DD-08C7-4C2A-87AF-07B279CB1EFA}.Debug|Any CPU.Build.0 = Debug|Any CPU
		{F79BC0DD-08C7-4C2A-87AF-07B279CB1EFA}.Release|Any CPU.ActiveCfg = Release|Any CPU
		{F79BC0DD-08C7-4C2A-87AF-07B279CB1EFA}.Release|Any CPU.Build.0 = Release|Any CPU
		{B7022C92-CB9A-46CE-982B-14EA0C425E34}.Debug|Any CPU.ActiveCfg = Debug|Any CPU
		{B7022C92-CB9A-46CE-982B-14EA0C425E34}.Debug|Any CPU.Build.0 = Debug|Any CPU
		{B7022C92-CB9A-46CE-982B-14EA0C425E34}.Release|Any CPU.ActiveCfg = Release|Any CPU
		{B7022C92-CB9A-46CE-982B-14EA0C425E34}.Release|Any CPU.Build.0 = Release|Any CPU
		{54C93C5E-7E84-476E-B415-FEE271AE7932}.Debug|Any CPU.ActiveCfg = Debug|Any CPU
		{54C93C5E-7E84-476E-B415-FEE271AE7932}.Debug|Any CPU.Build.0 = Debug|Any CPU
		{54C93C5E-7E84-476E-B415-FEE271AE7932}.Release|Any CPU.ActiveCfg = Release|Any CPU
		{54C93C5E-7E84-476E-B415-FEE271AE7932}.Release|Any CPU.Build.0 = Release|Any CPU
		{570B4F3D-9F49-4968-9406-519AA0A31781}.Debug|Any CPU.ActiveCfg = Debug|Any CPU
		{570B4F3D-9F49-4968-9406-519AA0A31781}.Debug|Any CPU.Build.0 = Debug|Any CPU
		{570B4F3D-9F49-4968-9406-519AA0A31781}.Release|Any CPU.ActiveCfg = Release|Any CPU
		{570B4F3D-9F49-4968-9406-519AA0A31781}.Release|Any CPU.Build.0 = Release|Any CPU
		{661B06B4-FEC5-45A3-8C62-E8ECEBE33DC4}.Debug|Any CPU.ActiveCfg = Debug|Any CPU
		{661B06B4-FEC5-45A3-8C62-E8ECEBE33DC4}.Debug|Any CPU.Build.0 = Debug|Any CPU
		{661B06B4-FEC5-45A3-8C62-E8ECEBE33DC4}.Release|Any CPU.ActiveCfg = Release|Any CPU
		{661B06B4-FEC5-45A3-8C62-E8ECEBE33DC4}.Release|Any CPU.Build.0 = Release|Any CPU
		{A9B9436F-8C23-4536-A21F-2B67CC2D2BAE}.Debug|Any CPU.ActiveCfg = Debug|Any CPU
		{A9B9436F-8C23-4536-A21F-2B67CC2D2BAE}.Debug|Any CPU.Build.0 = Debug|Any CPU
		{A9B9436F-8C23-4536-A21F-2B67CC2D2BAE}.Release|Any CPU.ActiveCfg = Release|Any CPU
		{A9B9436F-8C23-4536-A21F-2B67CC2D2BAE}.Release|Any CPU.Build.0 = Release|Any CPU
		{91B14986-9664-454A-8E04-D3D4A04BF9D7}.Debug|Any CPU.ActiveCfg = Debug|Any CPU
		{91B14986-9664-454A-8E04-D3D4A04BF9D7}.Debug|Any CPU.Build.0 = Debug|Any CPU
		{91B14986-9664-454A-8E04-D3D4A04BF9D7}.Release|Any CPU.ActiveCfg = Release|Any CPU
		{91B14986-9664-454A-8E04-D3D4A04BF9D7}.Release|Any CPU.Build.0 = Release|Any CPU
		{C23AE6C7-F12C-4E3B-A724-CAFBAB8DDBD7}.Debug|Any CPU.ActiveCfg = Debug|Any CPU
		{C23AE6C7-F12C-4E3B-A724-CAFBAB8DDBD7}.Debug|Any CPU.Build.0 = Debug|Any CPU
		{C23AE6C7-F12C-4E3B-A724-CAFBAB8DDBD7}.Release|Any CPU.ActiveCfg = Release|Any CPU
		{C23AE6C7-F12C-4E3B-A724-CAFBAB8DDBD7}.Release|Any CPU.Build.0 = Release|Any CPU
		{5BB4C887-6ED5-4F45-A4BC-956B0442000C}.Debug|Any CPU.ActiveCfg = Debug|Any CPU
		{5BB4C887-6ED5-4F45-A4BC-956B0442000C}.Debug|Any CPU.Build.0 = Debug|Any CPU
		{5BB4C887-6ED5-4F45-A4BC-956B0442000C}.Release|Any CPU.ActiveCfg = Release|Any CPU
		{5BB4C887-6ED5-4F45-A4BC-956B0442000C}.Release|Any CPU.Build.0 = Release|Any CPU
		{378E1D7D-A757-431A-805A-B18F58F18832}.Debug|Any CPU.ActiveCfg = Debug|Any CPU
		{378E1D7D-A757-431A-805A-B18F58F18832}.Debug|Any CPU.Build.0 = Debug|Any CPU
		{378E1D7D-A757-431A-805A-B18F58F18832}.Release|Any CPU.ActiveCfg = Release|Any CPU
		{378E1D7D-A757-431A-805A-B18F58F18832}.Release|Any CPU.Build.0 = Release|Any CPU
		{EDE94E0B-4836-4C36-B955-945D865DF5D6}.Debug|Any CPU.ActiveCfg = Debug|Any CPU
		{EDE94E0B-4836-4C36-B955-945D865DF5D6}.Debug|Any CPU.Build.0 = Debug|Any CPU
		{EDE94E0B-4836-4C36-B955-945D865DF5D6}.Release|Any CPU.ActiveCfg = Release|Any CPU
		{EDE94E0B-4836-4C36-B955-945D865DF5D6}.Release|Any CPU.Build.0 = Release|Any CPU
		{C4465EA4-0DAD-466D-95D0-C7EBBACE8E8C}.Debug|Any CPU.ActiveCfg = Debug|Any CPU
		{C4465EA4-0DAD-466D-95D0-C7EBBACE8E8C}.Debug|Any CPU.Build.0 = Debug|Any CPU
		{C4465EA4-0DAD-466D-95D0-C7EBBACE8E8C}.Release|Any CPU.ActiveCfg = Release|Any CPU
		{C4465EA4-0DAD-466D-95D0-C7EBBACE8E8C}.Release|Any CPU.Build.0 = Release|Any CPU
		{C52F0CC0-FD06-EDAF-5AF4-301051C46191}.Debug|Any CPU.ActiveCfg = Debug|Any CPU
		{C52F0CC0-FD06-EDAF-5AF4-301051C46191}.Debug|Any CPU.Build.0 = Debug|Any CPU
		{C52F0CC0-FD06-EDAF-5AF4-301051C46191}.Release|Any CPU.ActiveCfg = Release|Any CPU
		{C52F0CC0-FD06-EDAF-5AF4-301051C46191}.Release|Any CPU.Build.0 = Release|Any CPU
	EndGlobalSection
	GlobalSection(SolutionProperties) = preSolution
		HideSolutionNode = FALSE
	EndGlobalSection
	GlobalSection(ExtensibilityGlobals) = postSolution
		SolutionGuid = {0D217C32-2F11-48BC-A75C-B0F4772B9043}
	EndGlobalSection
EndGlobal
